
Microsoft Visual Studio Solution File, Format Version 12.00
# Visual Studio Version 16
VisualStudioVersion = 16.0.31005.135
MinimumVisualStudioVersion = 10.0.40219.1
Project("{9A19103F-16F7-4668-BE54-9A1E7A4F7556}") = "ValheimCharacterForge", "ValheimCharacterForge\ValheimCharacterForge.csproj", "{AA3C79F6-7137-40A6-B008-65D0B5261FC9}"
EndProject
Global
	GlobalSection(SolutionConfigurationPlatforms) = preSolution
		Debug|Any CPU = Debug|Any CPU
		Release|Any CPU = Release|Any CPU
	EndGlobalSection
	GlobalSection(ProjectConfigurationPlatforms) = postSolution
		{AA3C79F6-7137-40A6-B008-65D0B5261FC9}.Debug|Any CPU.ActiveCfg = Debug|Any CPU
		{AA3C79F6-7137-40A6-B008-65D0B5261FC9}.Debug|Any CPU.Build.0 = Debug|Any CPU
		{AA3C79F6-7137-40A6-B008-65D0B5261FC9}.Release|Any CPU.ActiveCfg = Release|Any CPU
		{AA3C79F6-7137-40A6-B008-65D0B5261FC9}.Release|Any CPU.Build.0 = Release|Any CPU
	EndGlobalSection
	GlobalSection(SolutionProperties) = preSolution
		HideSolutionNode = FALSE
	EndGlobalSection
	GlobalSection(ExtensibilityGlobals) = postSolution
		SolutionGuid = {68F877E4-380C-4BB1-BABC-2922949919BF}
	EndGlobalSection
EndGlobal
